
Microsoft Visual Studio Solution File, Format Version 12.00
# Visual Studio Version 17
VisualStudioVersion = 17.6.33723.286
MinimumVisualStudioVersion = 10.0.40219.1
Project("{9A19103F-16F7-4668-BE54-9A1E7A4F7556}") = "WalthexSpells", "WalthexSpells.csproj", "{0D63C04C-4A7A-4906-A7F5-0788E9CED749}"
EndProject
Global
	GlobalSection(SolutionConfigurationPlatforms) = preSolution
		Debug|Any CPU = Debug|Any CPU
		Release|Any CPU = Release|Any CPU
	EndGlobalSection
	GlobalSection(ProjectConfigurationPlatforms) = postSolution
		{0D63C04C-4A7A-4906-A7F5-0788E9CED749}.Debug|Any CPU.ActiveCfg = Debug|Any CPU
		{0D63C04C-4A7A-4906-A7F5-0788E9CED749}.Debug|Any CPU.Build.0 = Debug|Any CPU
		{0D63C04C-4A7A-4906-A7F5-0788E9CED749}.Release|Any CPU.ActiveCfg = Release|Any CPU
		{0D63C04C-4A7A-4906-A7F5-0788E9CED749}.Release|Any CPU.Build.0 = Release|Any CPU
	EndGlobalSection
	GlobalSection(SolutionProperties) = preSolution
		HideSolutionNode = FALSE
	EndGlobalSection
	GlobalSection(ExtensibilityGlobals) = postSolution
		SolutionGuid = {ECBC128D-87E6-4C65-BA3B-16B644408379}
	EndGlobalSection
EndGlobal
